
Microsoft Visual Studio Solution File, Format Version 12.00
# Visual Studio 15
VisualStudioVersion = 15.0.27004.2002
MinimumVisualStudioVersion = 10.0.40219.1
Project("{9A19103F-16F7-4668-BE54-9A1E7A4F7556}") = "DataAccessApi", "DataAccessApi\DataAccessApi.csproj", "{8A25EDA6-A64F-4A21-8F42-535A710E5E47}"
EndProject
Project("{9A19103F-16F7-4668-BE54-9A1E7A4F7556}") = "Template.DataAccess", "LawCRM.DataAccess\Template.DataAccess.csproj", "{944E29A5-CC1C-40F0-AC49-85413DD4068C}"
EndProject
Project("{9A19103F-16F7-4668-BE54-9A1E7A4F7556}") = "Template.Domain", "LawCRM.Domain\Template.Domain.csproj", "{552EEBA5-CD36-4C88-977F-0AA2ACD16A25}"
EndProject
Project("{9A19103F-16F7-4668-BE54-9A1E7A4F7556}") = "Template.DataAccess.Tests", "LawCRM.Tests\Template.DataAccess.Tests.csproj", "{04AF4216-296E-4DC2-A889-503AC19BD77C}"
EndProject
Global
	GlobalSection(SolutionConfigurationPlatforms) = preSolution
		Debug|Any CPU = Debug|Any CPU
		Release|Any CPU = Release|Any CPU
	EndGlobalSection
	GlobalSection(ProjectConfigurationPlatforms) = postSolution
		{8A25EDA6-A64F-4A21-8F42-535A710E5E47}.Debug|Any CPU.ActiveCfg = Debug|Any CPU
		{8A25EDA6-A64F-4A21-8F42-535A710E5E47}.Debug|Any CPU.Build.0 = Debug|Any CPU
		{8A25EDA6-A64F-4A21-8F42-535A710E5E47}.Release|Any CPU.ActiveCfg = Release|Any CPU
		{8A25EDA6-A64F-4A21-8F42-535A710E5E47}.Release|Any CPU.Build.0 = Release|Any CPU
		{944E29A5-CC1C-40F0-AC49-85413DD4068C}.Debug|Any CPU.ActiveCfg = Debug|Any CPU
		{944E29A5-CC1C-40F0-AC49-85413DD4068C}.Debug|Any CPU.Build.0 = Debug|Any CPU
		{944E29A5-CC1C-40F0-AC49-85413DD4068C}.Release|Any CPU.ActiveCfg = Release|Any CPU
		{944E29A5-CC1C-40F0-AC49-85413DD4068C}.Release|Any CPU.Build.0 = Release|Any CPU
		{552EEBA5-CD36-4C88-977F-0AA2ACD16A25}.Debug|Any CPU.ActiveCfg = Debug|Any CPU
		{552EEBA5-CD36-4C88-977F-0AA2ACD16A25}.Debug|Any CPU.Build.0 = Debug|Any CPU
		{552EEBA5-CD36-4C88-977F-0AA2ACD16A25}.Release|Any CPU.ActiveCfg = Release|Any CPU
		{552EEBA5-CD36-4C88-977F-0AA2ACD16A25}.Release|Any CPU.Build.0 = Release|Any CPU
		{04AF4216-296E-4DC2-A889-503AC19BD77C}.Debug|Any CPU.ActiveCfg = Debug|Any CPU
		{04AF4216-296E-4DC2-A889-503AC19BD77C}.Debug|Any CPU.Build.0 = Debug|Any CPU
		{04AF4216-296E-4DC2-A889-503AC19BD77C}.Release|Any CPU.ActiveCfg = Release|Any CPU
		{04AF4216-296E-4DC2-A889-503AC19BD77C}.Release|Any CPU.Build.0 = Release|Any CPU
	EndGlobalSection
	GlobalSection(SolutionProperties) = preSolution
		HideSolutionNode = FALSE
	EndGlobalSection
	GlobalSection(ExtensibilityGlobals) = postSolution
		SolutionGuid = {E88DCD19-B79F-44F9-9043-9013A8E42430}
	EndGlobalSection
EndGlobal
